// !$*UTF8*$!
{
	archiveVersion = 1;
	classes = {
	};
	objectVersion = 56;
	objects = {

/* Begin PBXBuildFile section */
		51499FC92B466A49001E31DA /* DevoteApp.swift in Sources */ = {isa = PBXBuildFile; fileRef = 51499FC82B466A49001E31DA /* DevoteApp.swift */; };
		51499FCB2B466A49001E31DA /* ContentView.swift in Sources */ = {isa = PBXBuildFile; fileRef = 51499FCA2B466A49001E31DA /* ContentView.swift */; };
		51499FCD2B466A4B001E31DA /* Assets.xcassets in Resources */ = {isa = PBXBuildFile; fileRef = 51499FCC2B466A4B001E31DA /* Assets.xcassets */; };
		51499FD02B466A4B001E31DA /* Preview Assets.xcassets in Resources */ = {isa = PBXBuildFile; fileRef = 51499FCF2B466A4B001E31DA /* Preview Assets.xcassets */; };
		51499FD22B466A4B001E31DA /* Persistence.swift in Sources */ = {isa = PBXBuildFile; fileRef = 51499FD12B466A4B001E31DA /* Persistence.swift */; };
		51499FD52B466A4B001E31DA /* Devote.xcdatamodeld in Sources */ = {isa = PBXBuildFile; fileRef = 51499FD32B466A4B001E31DA /* Devote.xcdatamodeld */; };
		51499FDF2B466AFB001E31DA /* sound-rise.mp3 in Resources */ = {isa = PBXBuildFile; fileRef = 51499FDC2B466AFB001E31DA /* sound-rise.mp3 */; };
		51499FE02B466AFB001E31DA /* sound-ding.mp3 in Resources */ = {isa = PBXBuildFile; fileRef = 51499FDD2B466AFB001E31DA /* sound-ding.mp3 */; };
		51499FE12B466AFB001E31DA /* sound-tap.mp3 in Resources */ = {isa = PBXBuildFile; fileRef = 51499FDE2B466AFB001E31DA /* sound-tap.mp3 */; };
		51499FED2B4687E1001E31DA /* Constant.swift in Sources */ = {isa = PBXBuildFile; fileRef = 51499FEC2B4687E1001E31DA /* Constant.swift */; };
		51499FEF2B469013001E31DA /* HideKeyboardExtension.swift in Sources */ = {isa = PBXBuildFile; fileRef = 51499FEE2B469013001E31DA /* HideKeyboardExtension.swift */; };
/* End PBXBuildFile section */

/* Begin PBXFileReference section */
		51499FC52B466A49001E31DA /* Devote.app */ = {isa = PBXFileReference; explicitFileType = wrapper.application; includeInIndex = 0; path = Devote.app; sourceTree = BUILT_PRODUCTS_DIR; };
		51499FC82B466A49001E31DA /* DevoteApp.swift */ = {isa = PBXFileReference; lastKnownFileType = sourcecode.swift; path = DevoteApp.swift; sourceTree = "<group>"; };
		51499FCA2B466A49001E31DA /* ContentView.swift */ = {isa = PBXFileReference; lastKnownFileType = sourcecode.swift; path = ContentView.swift; sourceTree = "<group>"; };
		51499FCC2B466A4B001E31DA /* Assets.xcassets */ = {isa = PBXFileReference; lastKnownFileType = folder.assetcatalog; path = Assets.xcassets; sourceTree = "<group>"; };
		51499FCF2B466A4B001E31DA /* Preview Assets.xcassets */ = {isa = PBXFileReference; lastKnownFileType = folder.assetcatalog; path = "Preview Assets.xcassets"; sourceTree = "<group>"; };
		51499FD12B466A4B001E31DA /* Persistence.swift */ = {isa = PBXFileReference; lastKnownFileType = sourcecode.swift; path = Persistence.swift; sourceTree = "<group>"; };
		51499FD42B466A4B001E31DA /* Devote.xcdatamodel */ = {isa = PBXFileReference; lastKnownFileType = wrapper.xcdatamodel; path = Devote.xcdatamodel; sourceTree = "<group>"; };
		51499FDC2B466AFB001E31DA /* sound-rise.mp3 */ = {isa = PBXFileReference; lastKnownFileType = audio.mp3; path = "sound-rise.mp3"; sourceTree = "<group>"; };
		51499FDD2B466AFB001E31DA /* sound-ding.mp3 */ = {isa = PBXFileReference; lastKnownFileType = audio.mp3; path = "sound-ding.mp3"; sourceTree = "<group>"; };
		51499FDE2B466AFB001E31DA /* sound-tap.mp3 */ = {isa = PBXFileReference; lastKnownFileType = audio.mp3; path = "sound-tap.mp3"; sourceTree = "<group>"; };
		51499FE72B466BBC001E31DA /* Info.plist */ = {isa = PBXFileReference; lastKnownFileType = text.plist; path = Info.plist; sourceTree = "<group>"; };
		51499FEC2B4687E1001E31DA /* Constant.swift */ = {isa = PBXFileReference; lastKnownFileType = sourcecode.swift; path = Constant.swift; sourceTree = "<group>"; };
		51499FEE2B469013001E31DA /* HideKeyboardExtension.swift */ = {isa = PBXFileReference; lastKnownFileType = sourcecode.swift; path = HideKeyboardExtension.swift; sourceTree = "<group>"; };
/* End PBXFileReference section */

/* Begin PBXFrameworksBuildPhase section */
		51499FC22B466A49001E31DA /* Frameworks */ = {
			isa = PBXFrameworksBuildPhase;
			buildActionMask = 2147483647;
			files = (
			);
			runOnlyForDeploymentPostprocessing = 0;
		};
/* End PBXFrameworksBuildPhase section */

/* Begin PBXGroup section */
		51499FBC2B466A49001E31DA = {
			isa = PBXGroup;
			children = (
				51499FC72B466A49001E31DA /* Devote */,
				51499FC62B466A49001E31DA /* Products */,
			);
			sourceTree = "<group>";
		};
		51499FC62B466A49001E31DA /* Products */ = {
			isa = PBXGroup;
			children = (
				51499FC52B466A49001E31DA /* Devote.app */,
			);
			name = Products;
			sourceTree = "<group>";
		};
		51499FC72B466A49001E31DA /* Devote */ = {
			isa = PBXGroup;
			children = (
				51499FE72B466BBC001E31DA /* Info.plist */,
				51499FE32B466B35001E31DA /* Extension */,
				51499FE62B466B5C001E31DA /* Model */,
				51499FDB2B466AFB001E31DA /* Sound */,
				51499FE52B466B46001E31DA /* Style */,
				51499FE42B466B3D001E31DA /* Utilities */,
				51499FE22B466B2B001E31DA /* View */,
				51499FC82B466A49001E31DA /* DevoteApp.swift */,
				51499FCC2B466A4B001E31DA /* Assets.xcassets */,
				51499FCE2B466A4B001E31DA /* Preview Content */,
			);
			path = Devote;
			sourceTree = "<group>";
		};
		51499FCE2B466A4B001E31DA /* Preview Content */ = {
			isa = PBXGroup;
			children = (
				51499FCF2B466A4B001E31DA /* Preview Assets.xcassets */,
			);
			path = "Preview Content";
			sourceTree = "<group>";
		};
		51499FDB2B466AFB001E31DA /* Sound */ = {
			isa = PBXGroup;
			children = (
				51499FDC2B466AFB001E31DA /* sound-rise.mp3 */,
				51499FDD2B466AFB001E31DA /* sound-ding.mp3 */,
				51499FDE2B466AFB001E31DA /* sound-tap.mp3 */,
			);
			path = Sound;
			sourceTree = "<group>";
		};
		51499FE22B466B2B001E31DA /* View */ = {
			isa = PBXGroup;
			children = (
				51499FCA2B466A49001E31DA /* ContentView.swift */,
			);
			path = View;
			sourceTree = "<group>";
		};
		51499FE32B466B35001E31DA /* Extension */ = {
			isa = PBXGroup;
			children = (
				51499FEE2B469013001E31DA /* HideKeyboardExtension.swift */,
			);
			path = Extension;
			sourceTree = "<group>";
		};
		51499FE42B466B3D001E31DA /* Utilities */ = {
			isa = PBXGroup;
			children = (
				51499FEC2B4687E1001E31DA /* Constant.swift */,
			);
			path = Utilities;
			sourceTree = "<group>";
		};
		51499FE52B466B46001E31DA /* Style */ = {
			isa = PBXGroup;
			children = (
			);
			path = Style;
			sourceTree = "<group>";
		};
		51499FE62B466B5C001E31DA /* Model */ = {
			isa = PBXGroup;
			children = (
				51499FD12B466A4B001E31DA /* Persistence.swift */,
				51499FD32B466A4B001E31DA /* Devote.xcdatamodeld */,
			);
			path = Model;
			sourceTree = "<group>";
		};
/* End PBXGroup section */

/* Begin PBXNativeTarget section */
		51499FC42B466A49001E31DA /* Devote */ = {
			isa = PBXNativeTarget;
			buildConfigurationList = 51499FD82B466A4B001E31DA /* Build configuration list for PBXNativeTarget "Devote" */;
			buildPhases = (
				51499FC12B466A49001E31DA /* Sources */,
				51499FC22B466A49001E31DA /* Frameworks */,
				51499FC32B466A49001E31DA /* Resources */,
			);
			buildRules = (
			);
			dependencies = (
			);
			name = Devote;
			productName = Devote;
			productReference = 51499FC52B466A49001E31DA /* Devote.app */;
			productType = "com.apple.product-type.application";
		};
/* End PBXNativeTarget section */

/* Begin PBXProject section */
		51499FBD2B466A49001E31DA /* Project object */ = {
			isa = PBXProject;
			attributes = {
				BuildIndependentTargetsInParallel = 1;
				LastSwiftUpdateCheck = 1500;
				LastUpgradeCheck = 1500;
				TargetAttributes = {
					51499FC42B466A49001E31DA = {
						CreatedOnToolsVersion = 15.0;
					};
				};
			};
			buildConfigurationList = 51499FC02B466A49001E31DA /* Build configuration list for PBXProject "Devote" */;
			compatibilityVersion = "Xcode 14.0";
			developmentRegion = en;
			hasScannedForEncodings = 0;
			knownRegions = (
				en,
				Base,
			);
			mainGroup = 51499FBC2B466A49001E31DA;
			productRefGroup = 51499FC62B466A49001E31DA /* Products */;
			projectDirPath = "";
			projectRoot = "";
			targets = (
				51499FC42B466A49001E31DA /* Devote */,
			);
		};
/* End PBXProject section */

/* Begin PBXResourcesBuildPhase section */
		51499FC32B466A49001E31DA /* Resources */ = {
			isa = PBXResourcesBuildPhase;
			buildActionMask = 2147483647;
			files = (
				51499FE02B466AFB001E31DA /* sound-ding.mp3 in Resources */,
				51499FDF2B466AFB001E31DA /* sound-rise.mp3 in Resources */,
				51499FD02B466A4B001E31DA /* Preview Assets.xcassets in Resources */,
				51499FE12B466AFB001E31DA /* sound-tap.mp3 in Resources */,
				51499FCD2B466A4B001E31DA /* Assets.xcassets in Resources */,
			);
			runOnlyForDeploymentPostprocessing = 0;
		};
/* End PBXResourcesBuildPhase section */

/* Begin PBXSourcesBuildPhase section */
		51499FC12B466A49001E31DA /* Sources */ = {
			isa = PBXSourcesBuildPhase;
			buildActionMask = 2147483647;
			files = (
				51499FD22B466A4B001E31DA /* Persistence.swift in Sources */,
				51499FCB2B466A49001E31DA /* ContentView.swift in Sources */,
				51499FEF2B469013001E31DA /* HideKeyboardExtension.swift in Sources */,
				51499FED2B4687E1001E31DA /* Constant.swift in Sources */,
				51499FD52B466A4B001E31DA /* Devote.xcdatamodeld in Sources */,
				51499FC92B466A49001E31DA /* DevoteApp.swift in Sources */,
			);
			runOnlyForDeploymentPostprocessing = 0;
		};
/* End PBXSourcesBuildPhase section */

/* Begin XCBuildConfiguration section */
		51499FD62B466A4B001E31DA /* Debug */ = {
			isa = XCBuildConfiguration;
			buildSettings = {
				ALWAYS_SEARCH_USER_PATHS = NO;
				ASSETCATALOG_COMPILER_GENERATE_SWIFT_ASSET_SYMBOL_EXTENSIONS = YES;
				CLANG_ANALYZER_NONNULL = YES;
				CLANG_ANALYZER_NUMBER_OBJECT_CONVERSION = YES_AGGRESSIVE;
				CLANG_CXX_LANGUAGE_STANDARD = "gnu++20";
				CLANG_ENABLE_MODULES = YES;
				CLANG_ENABLE_OBJC_ARC = YES;
				CLANG_ENABLE_OBJC_WEAK = YES;
				CLANG_WARN_BLOCK_CAPTURE_AUTORELEASING = YES;
				CLANG_WARN_BOOL_CONVERSION = YES;
				CLANG_WARN_COMMA = YES;
				CLANG_WARN_CONSTANT_CONVERSION = YES;
				CLANG_WARN_DEPRECATED_OBJC_IMPLEMENTATIONS = YES;
				CLANG_WARN_DIRECT_OBJC_ISA_USAGE = YES_ERROR;
				CLANG_WARN_DOCUMENTATION_COMMENTS = YES;
				CLANG_WARN_EMPTY_BODY = YES;
				CLANG_WARN_ENUM_CONVERSION = YES;
				CLANG_WARN_INFINITE_RECURSION = YES;
				CLANG_WARN_INT_CONVERSION = YES;
				CLANG_WARN_NON_LITERAL_NULL_CONVERSION = YES;
				CLANG_WARN_OBJC_IMPLICIT_RETAIN_SELF = YES;
				CLANG_WARN_OBJC_LITERAL_CONVERSION = YES;
				CLANG_WARN_OBJC_ROOT_CLASS = YES_ERROR;
				CLANG_WARN_QUOTED_INCLUDE_IN_FRAMEWORK_HEADER = YES;
				CLANG_WARN_RANGE_LOOP_ANALYSIS = YES;
				CLANG_WARN_STRICT_PROTOTYPES = YES;
				CLANG_WARN_SUSPICIOUS_MOVE = YES;
				CLANG_WARN_UNGUARDED_AVAILABILITY = YES_AGGRESSIVE;
				CLANG_WARN_UNREACHABLE_CODE = YES;
				CLANG_WARN__DUPLICATE_METHOD_MATCH = YES;
				COPY_PHASE_STRIP = NO;
				DEBUG_INFORMATION_FORMAT = dwarf;
				ENABLE_STRICT_OBJC_MSGSEND = YES;
				ENABLE_TESTABILITY = YES;
				ENABLE_USER_SCRIPT_SANDBOXING = YES;
				GCC_C_LANGUAGE_STANDARD = gnu17;
				GCC_DYNAMIC_NO_PIC = NO;
				GCC_NO_COMMON_BLOCKS = YES;
				GCC_OPTIMIZATION_LEVEL = 0;
				GCC_PREPROCESSOR_DEFINITIONS = (
					"DEBUG=1",
					"$(inherited)",
				);
				GCC_WARN_64_TO_32_BIT_CONVERSION = YES;
				GCC_WARN_ABOUT_RETURN_TYPE = YES_ERROR;
				GCC_WARN_UNDECLARED_SELECTOR = YES;
				GCC_WARN_UNINITIALIZED_AUTOS = YES_AGGRESSIVE;
				GCC_WARN_UNUSED_FUNCTION = YES;
				GCC_WARN_UNUSED_VARIABLE = YES;
				IPHONEOS_DEPLOYMENT_TARGET = 17.0;
				LOCALIZATION_PREFERS_STRING_CATALOGS = YES;
				MTL_ENABLE_DEBUG_INFO = INCLUDE_SOURCE;
				MTL_FAST_MATH = YES;
				ONLY_ACTIVE_ARCH = YES;
				SDKROOT = iphoneos;
				SWIFT_ACTIVE_COMPILATION_CONDITIONS = "DEBUG $(inherited)";
				SWIFT_OPTIMIZATION_LEVEL = "-Onone";
			};
			name = Debug;
		};
		51499FD72B466A4B001E31DA /* Release */ = {
			isa = XCBuildConfiguration;
			buildSettings = {
				ALWAYS_SEARCH_USER_PATHS = NO;
				ASSETCATALOG_COMPILER_GENERATE_SWIFT_ASSET_SYMBOL_EXTENSIONS = YES;
				CLANG_ANALYZER_NONNULL = YES;
				CLANG_ANALYZER_NUMBER_OBJECT_CONVERSION = YES_AGGRESSIVE;
				CLANG_CXX_LANGUAGE_STANDARD = "gnu++20";
				CLANG_ENABLE_MODULES = YES;
				CLANG_ENABLE_OBJC_ARC = YES;
				CLANG_ENABLE_OBJC_WEAK = YES;
				CLANG_WARN_BLOCK_CAPTURE_AUTORELEASING = YES;
				CLANG_WARN_BOOL_CONVERSION = YES;
				CLANG_WARN_COMMA = YES;
				CLANG_WARN_CONSTANT_CONVERSION = YES;
				CLANG_WARN_DEPRECATED_OBJC_IMPLEMENTATIONS = YES;
				CLANG_WARN_DIRECT_OBJC_ISA_USAGE = YES_ERROR;
				CLANG_WARN_DOCUMENTATION_COMMENTS = YES;
				CLANG_WARN_EMPTY_BODY = YES;
				CLANG_WARN_ENUM_CONVERSION = YES;
				CLANG_WARN_INFINITE_RECURSION = YES;
				CLANG_WARN_INT_CONVERSION = YES;
				CLANG_WARN_NON_LITERAL_NULL_CONVERSION = YES;
				CLANG_WARN_OBJC_IMPLICIT_RETAIN_SELF = YES;
				CLANG_WARN_OBJC_LITERAL_CONVERSION = YES;
				CLANG_WARN_OBJC_ROOT_CLASS = YES_ERROR;
				CLANG_WARN_QUOTED_INCLUDE_IN_FRAMEWORK_HEADER = YES;
				CLANG_WARN_RANGE_LOOP_ANALYSIS = YES;
				CLANG_WARN_STRICT_PROTOTYPES = YES;
				CLANG_WARN_SUSPICIOUS_MOVE = YES;
				CLANG_WARN_UNGUARDED_AVAILABILITY = YES_AGGRESSIVE;
				CLANG_WARN_UNREACHABLE_CODE = YES;
				CLANG_WARN__DUPLICATE_METHOD_MATCH = YES;
				COPY_PHASE_STRIP = NO;
				DEBUG_INFORMATION_FORMAT = "dwarf-with-dsym";
				ENABLE_NS_ASSERTIONS = NO;
				ENABLE_STRICT_OBJC_MSGSEND = YES;
				ENABLE_USER_SCRIPT_SANDBOXING = YES;
				GCC_C_LANGUAGE_STANDARD = gnu17;
				GCC_NO_COMMON_BLOCKS = YES;
				GCC_WARN_64_TO_32_BIT_CONVERSION = YES;
				GCC_WARN_ABOUT_RETURN_TYPE = YES_ERROR;
				GCC_WARN_UNDECLARED_SELECTOR = YES;
				GCC_WARN_UNINITIALIZED_AUTOS = YES_AGGRESSIVE;
				GCC_WARN_UNUSED_FUNCTION = YES;
				GCC_WARN_UNUSED_VARIABLE = YES;
				IPHONEOS_DEPLOYMENT_TARGET = 17.0;
				LOCALIZATION_PREFERS_STRING_CATALOGS = YES;
				MTL_ENABLE_DEBUG_INFO = NO;
				MTL_FAST_MATH = YES;
				SDKROOT = iphoneos;
				SWIFT_COMPILATION_MODE = wholemodule;
				VALIDATE_PRODUCT = YES;
			};
			name = Release;
		};
		51499FD92B466A4B001E31DA /* Debug */ = {
			isa = XCBuildConfiguration;
			buildSettings = {
				ASSETCATALOG_COMPILER_APPICON_NAME = AppIcon;
				ASSETCATALOG_COMPILER_GLOBAL_ACCENT_COLOR_NAME = AccentColor;
				CODE_SIGN_STYLE = Automatic;
				CURRENT_PROJECT_VERSION = 1;
				DEVELOPMENT_ASSET_PATHS = "\"Devote/Preview Content\"";
				DEVELOPMENT_TEAM = SHR59DG262;
				ENABLE_PREVIEWS = YES;
				GENERATE_INFOPLIST_FILE = YES;
				INFOPLIST_FILE = Devote/Info.plist;
				INFOPLIST_KEY_UIApplicationSceneManifest_Generation = YES;
				INFOPLIST_KEY_UIApplicationSupportsIndirectInputEvents = YES;
				INFOPLIST_KEY_UISupportedInterfaceOrientations = UIInterfaceOrientationPortrait;
				INFOPLIST_KEY_UISupportedInterfaceOrientations_iPad = "UIInterfaceOrientationLandscapeLeft UIInterfaceOrientationLandscapeRight UIInterfaceOrientationPortrait UIInterfaceOrientationPortraitUpsideDown";
				LD_RUNPATH_SEARCH_PATHS = (
					"$(inherited)",
					"@executable_path/Frameworks",
				);
				MARKETING_VERSION = 1.0;
				PRODUCT_BUNDLE_IDENTIFIER = com.jonathanRicky.Devote;
				PRODUCT_NAME = "$(TARGET_NAME)";
				SWIFT_EMIT_LOC_STRINGS = YES;
				SWIFT_VERSION = 5.0;
				TARGETED_DEVICE_FAMILY = "1,2";
			};
			name = Debug;
		};
		51499FDA2B466A4B001E31DA /* Release */ = {
			isa = XCBuildConfiguration;
			buildSettings = {
				ASSETCATALOG_COMPILER_APPICON_NAME = AppIcon;
				ASSETCATALOG_COMPILER_GLOBAL_ACCENT_COLOR_NAME = AccentColor;
				CODE_SIGN_STYLE = Automatic;
				CURRENT_PROJECT_VERSION = 1;
				DEVELOPMENT_ASSET_PATHS = "\"Devote/Preview Content\"";
				DEVELOPMENT_TEAM = SHR59DG262;
				ENABLE_PREVIEWS = YES;
				GENERATE_INFOPLIST_FILE = YES;
				INFOPLIST_FILE = Devote/Info.plist;
				INFOPLIST_KEY_UIApplicationSceneManifest_Generation = YES;
				INFOPLIST_KEY_UIApplicationSupportsIndirectInputEvents = YES;
				INFOPLIST_KEY_UISupportedInterfaceOrientations = UIInterfaceOrientationPortrait;
				INFOPLIST_KEY_UISupportedInterfaceOrientations_iPad = "UIInterfaceOrientationLandscapeLeft UIInterfaceOrientationLandscapeRight UIInterfaceOrientationPortrait UIInterfaceOrientationPortraitUpsideDown";
				LD_RUNPATH_SEARCH_PATHS = (
					"$(inherited)",
					"@executable_path/Frameworks",
				);
				MARKETING_VERSION = 1.0;
				PRODUCT_BUNDLE_IDENTIFIER = com.jonathanRicky.Devote;
				PRODUCT_NAME = "$(TARGET_NAME)";
				SWIFT_EMIT_LOC_STRINGS = YES;
				SWIFT_VERSION = 5.0;
				TARGETED_DEVICE_FAMILY = "1,2";
			};
			name = Release;
		};
/* End XCBuildConfiguration section */

/* Begin XCConfigurationList section */
		51499FC02B466A49001E31DA /* Build configuration list for PBXProject "Devote" */ = {
			isa = XCConfigurationList;
			buildConfigurations = (
				51499FD62B466A4B001E31DA /* Debug */,
				51499FD72B466A4B001E31DA /* Release */,
			);
			defaultConfigurationIsVisible = 0;
			defaultConfigurationName = Release;
		};
		51499FD82B466A4B001E31DA /* Build configuration list for PBXNativeTarget "Devote" */ = {
			isa = XCConfigurationList;
			buildConfigurations = (
				51499FD92B466A4B001E31DA /* Debug */,
				51499FDA2B466A4B001E31DA /* Release */,
			);
			defaultConfigurationIsVisible = 0;
			defaultConfigurationName = Release;
		};
/* End XCConfigurationList section */

/* Begin XCVersionGroup section */
		51499FD32B466A4B001E31DA /* Devote.xcdatamodeld */ = {
			isa = XCVersionGroup;
			children = (
				51499FD42B466A4B001E31DA /* Devote.xcdatamodel */,
			);
			currentVersion = 51499FD42B466A4B001E31DA /* Devote.xcdatamodel */;
			path = Devote.xcdatamodeld;
			sourceTree = "<group>";
			versionGroupType = wrapper.xcdatamodel;
		};
/* End XCVersionGroup section */
	};
	rootObject = 51499FBD2B466A49001E31DA /* Project object */;
}
